
Microsoft Visual Studio Solution File, Format Version 12.00
# Visual Studio Version 16
VisualStudioVersion = 16.0.31205.134
MinimumVisualStudioVersion = 10.0.40219.1
Project("{8BC9CEB8-8B4A-11D0-8D11-00A0C91BC942}") = "Collection_Characters", "Collection_Characters\Collection_Characters.vcxproj", "{27FC70AF-BF16-42EE-A199-2FDBA3BE25E9}"
EndProject
Global
	GlobalSection(SolutionConfigurationPlatforms) = preSolution
		Debug|x64 = Debug|x64
		Debug|x86 = Debug|x86
		Release|x64 = Release|x64
		Release|x86 = Release|x86
	EndGlobalSection
	GlobalSection(ProjectConfigurationPlatforms) = postSolution
		{27FC70AF-BF16-42EE-A199-2FDBA3BE25E9}.Debug|x64.ActiveCfg = Debug|x64
		{27FC70AF-BF16-42EE-A199-2FDBA3BE25E9}.Debug|x64.Build.0 = Debug|x64
		{27FC70AF-BF16-42EE-A199-2FDBA3BE25E9}.Debug|x86.ActiveCfg = Debug|Win32
		{27FC70AF-BF16-42EE-A199-2FDBA3BE25E9}.Debug|x86.Build.0 = Debug|Win32
		{27FC70AF-BF16-42EE-A199-2FDBA3BE25E9}.Release|x64.ActiveCfg = Release|x64
		{27FC70AF-BF16-42EE-A199-2FDBA3BE25E9}.Release|x64.Build.0 = Release|x64
		{27FC70AF-BF16-42EE-A199-2FDBA3BE25E9}.Release|x86.ActiveCfg = Release|Win32
		{27FC70AF-BF16-42EE-A199-2FDBA3BE25E9}.Release|x86.Build.0 = Release|Win32
	EndGlobalSection
	GlobalSection(SolutionProperties) = preSolution
		HideSolutionNode = FALSE
	EndGlobalSection
	GlobalSection(ExtensibilityGlobals) = postSolution
		SolutionGuid = {DBCB3E5D-2721-48AA-A932-BBD5A7D06766}
	EndGlobalSection
EndGlobal
